
Microsoft Visual Studio Solution File, Format Version 12.00
# Visual Studio Version 17
VisualStudioVersion = 17.5.002.0
MinimumVisualStudioVersion = 10.0.40219.1
Project("{9A19103F-16F7-4668-BE54-9A1E7A4F7556}") = "programas de C#", "programas de C#.csproj", "{965D4A92-9932-42B2-B328-64EF4370AA01}"
EndProject
Global
	GlobalSection(SolutionConfigurationPlatforms) = preSolution
		Debug|Any CPU = Debug|Any CPU
		Release|Any CPU = Release|Any CPU
	EndGlobalSection
	GlobalSection(ProjectConfigurationPlatforms) = postSolution
		{965D4A92-9932-42B2-B328-64EF4370AA01}.Debug|Any CPU.ActiveCfg = Debug|Any CPU
		{965D4A92-9932-42B2-B328-64EF4370AA01}.Debug|Any CPU.Build.0 = Debug|Any CPU
		{965D4A92-9932-42B2-B328-64EF4370AA01}.Release|Any CPU.ActiveCfg = Release|Any CPU
		{965D4A92-9932-42B2-B328-64EF4370AA01}.Release|Any CPU.Build.0 = Release|Any CPU
	EndGlobalSection
	GlobalSection(SolutionProperties) = preSolution
		HideSolutionNode = FALSE
	EndGlobalSection
	GlobalSection(ExtensibilityGlobals) = postSolution
		SolutionGuid = {AEA0E9BE-CE54-48AA-B7B5-681B6F99AE14}
	EndGlobalSection
EndGlobal
